
Microsoft Visual Studio Solution File, Format Version 12.00
# Visual Studio Version 17
VisualStudioVersion = 17.3.32929.385
MinimumVisualStudioVersion = 10.0.40219.1
Project("{9A19103F-16F7-4668-BE54-9A1E7A4F7556}") = "SistemaContas.Presentation", "SistemaContas.Presentation\SistemaContas.Presentation.csproj", "{069CD680-5C5E-42A9-B28A-EA6FDDED6AA1}"
EndProject
Project("{2150E333-8FDC-42A3-9474-1A3956D46DE8}") = "1 - Presentation Layer", "1 - Presentation Layer", "{0E091725-CD5D-4B28-B87C-011AFD2ABE2B}"
EndProject
Project("{2150E333-8FDC-42A3-9474-1A3956D46DE8}") = "2 - Data Access Layer", "2 - Data Access Layer", "{A73E4AAA-EB8E-404D-882E-9CDF5EAAAB97}"
EndProject
Project("{2150E333-8FDC-42A3-9474-1A3956D46DE8}") = "3 - Message Layer", "3 - Message Layer", "{5A70065F-3144-4E69-AC2F-1685ECBE2CE2}"
EndProject
Project("{2150E333-8FDC-42A3-9474-1A3956D46DE8}") = "4 - Reports Layer", "4 - Reports Layer", "{B2B63DDA-EE0B-4ED1-8EA8-38BBD3063B55}"
EndProject
Global
	GlobalSection(SolutionConfigurationPlatforms) = preSolution
		Debug|Any CPU = Debug|Any CPU
		Release|Any CPU = Release|Any CPU
	EndGlobalSection
	GlobalSection(ProjectConfigurationPlatforms) = postSolution
		{069CD680-5C5E-42A9-B28A-EA6FDDED6AA1}.Debug|Any CPU.ActiveCfg = Debug|Any CPU
		{069CD680-5C5E-42A9-B28A-EA6FDDED6AA1}.Debug|Any CPU.Build.0 = Debug|Any CPU
		{069CD680-5C5E-42A9-B28A-EA6FDDED6AA1}.Release|Any CPU.ActiveCfg = Release|Any CPU
		{069CD680-5C5E-42A9-B28A-EA6FDDED6AA1}.Release|Any CPU.Build.0 = Release|Any CPU
	EndGlobalSection
	GlobalSection(SolutionProperties) = preSolution
		HideSolutionNode = FALSE
	EndGlobalSection
	GlobalSection(NestedProjects) = preSolution
		{069CD680-5C5E-42A9-B28A-EA6FDDED6AA1} = {0E091725-CD5D-4B28-B87C-011AFD2ABE2B}
	EndGlobalSection
	GlobalSection(ExtensibilityGlobals) = postSolution
		SolutionGuid = {4C977F18-D2D5-44D2-BBDA-453A1D17A6B2}
	EndGlobalSection
EndGlobal
